lockfileVersion: '9.0'

settings:
  autoInstallPeers: true
  excludeLinksFromLockfile: false

importers:

  .:
    devDependencies:
      '@tsconfig/recommended':
        specifier: ^1.0.10
        version: 1.0.10

packages:

  '@tsconfig/recommended@1.0.10':
    resolution: {integrity: sha512-cGvydvg03lONp5Z9yaplW493Vw9/um7k588mvDkm+VFPF2PZUVPx0uswq4PFpeEySsLbQRETrDRhzh4Dmxaslw==}

snapshots:

  '@tsconfig/recommended@1.0.10': {}
